
Microsoft Visual Studio Solution File, Format Version 12.00
# Visual Studio Version 16
VisualStudioVersion = 16.0.32413.511
MinimumVisualStudioVersion = 10.0.40219.1
Project("{8BC9CEB8-8B4A-11D0-8D11-00A0C91BC942}") = "Matrixmultiplication", "Matrixmultiplication\Matrixmultiplication.vcxproj", "{C2A6BABA-99AC-4953-8245-7793F3E6E2AE}"
EndProject
Global
	GlobalSection(SolutionConfigurationPlatforms) = preSolution
		Debug|x64 = Debug|x64
		Debug|x86 = Debug|x86
		Release|x64 = Release|x64
		Release|x86 = Release|x86
	EndGlobalSection
	GlobalSection(ProjectConfigurationPlatforms) = postSolution
		{C2A6BABA-99AC-4953-8245-7793F3E6E2AE}.Debug|x64.ActiveCfg = Debug|x64
		{C2A6BABA-99AC-4953-8245-7793F3E6E2AE}.Debug|x64.Build.0 = Debug|x64
		{C2A6BABA-99AC-4953-8245-7793F3E6E2AE}.Debug|x86.ActiveCfg = Debug|Win32
		{C2A6BABA-99AC-4953-8245-7793F3E6E2AE}.Debug|x86.Build.0 = Debug|Win32
		{C2A6BABA-99AC-4953-8245-7793F3E6E2AE}.Release|x64.ActiveCfg = Release|x64
		{C2A6BABA-99AC-4953-8245-7793F3E6E2AE}.Release|x64.Build.0 = Release|x64
		{C2A6BABA-99AC-4953-8245-7793F3E6E2AE}.Release|x86.ActiveCfg = Release|Win32
		{C2A6BABA-99AC-4953-8245-7793F3E6E2AE}.Release|x86.Build.0 = Release|Win32
	EndGlobalSection
	GlobalSection(SolutionProperties) = preSolution
		HideSolutionNode = FALSE
	EndGlobalSection
	GlobalSection(ExtensibilityGlobals) = postSolution
		SolutionGuid = {04FD4949-C201-4C8B-9C92-4F7B698466C5}
	EndGlobalSection
EndGlobal
